
Microsoft Visual Studio Solution File, Format Version 12.00
# Visual Studio Version 17
VisualStudioVersion = 17.9.34723.18
MinimumVisualStudioVersion = 10.0.40219.1
Project("{9A19103F-16F7-4668-BE54-9A1E7A4F7556}") = "SpitfireSample", "SpitfireSample.csproj", "{2E914876-921C-4F90-B630-43DD0BC5474D}"
EndProject
Global
	GlobalSection(SolutionConfigurationPlatforms) = preSolution
		Debug|Any CPU = Debug|Any CPU
		Release|Any CPU = Release|Any CPU
	EndGlobalSection
	GlobalSection(ProjectConfigurationPlatforms) = postSolution
		{2E914876-921C-4F90-B630-43DD0BC5474D}.Debug|Any CPU.ActiveCfg = Debug|Any CPU
		{2E914876-921C-4F90-B630-43DD0BC5474D}.Debug|Any CPU.Build.0 = Debug|Any CPU
		{2E914876-921C-4F90-B630-43DD0BC5474D}.Release|Any CPU.ActiveCfg = Release|Any CPU
		{2E914876-921C-4F90-B630-43DD0BC5474D}.Release|Any CPU.Build.0 = Release|Any CPU
	EndGlobalSection
	GlobalSection(SolutionProperties) = preSolution
		HideSolutionNode = FALSE
	EndGlobalSection
	GlobalSection(ExtensibilityGlobals) = postSolution
		SolutionGuid = {C34A328D-5D25-40AB-AB7C-F8D337F618B6}
	EndGlobalSection
EndGlobal
